
Microsoft Visual Studio Solution File, Format Version 12.00
# Visual Studio Version 16
VisualStudioVersion = 16.0.32802.440
MinimumVisualStudioVersion = 10.0.40219.1
Project("{FAE04EC0-301F-11D3-BF4B-00C04F79EFBC}") = "Motelika", "Motelika.csproj", "{B52135D5-9871-4470-B9BE-DAD860B9DBC1}"
EndProject
Global
	GlobalSection(SolutionConfigurationPlatforms) = preSolution
		Debug|Any CPU = Debug|Any CPU
		Release|Any CPU = Release|Any CPU
	EndGlobalSection
	GlobalSection(ProjectConfigurationPlatforms) = postSolution
		{B52135D5-9871-4470-B9BE-DAD860B9DBC1}.Debug|Any CPU.ActiveCfg = Debug|Any CPU
		{B52135D5-9871-4470-B9BE-DAD860B9DBC1}.Debug|Any CPU.Build.0 = Debug|Any CPU
		{B52135D5-9871-4470-B9BE-DAD860B9DBC1}.Release|Any CPU.ActiveCfg = Release|Any CPU
		{B52135D5-9871-4470-B9BE-DAD860B9DBC1}.Release|Any CPU.Build.0 = Release|Any CPU
	EndGlobalSection
	GlobalSection(SolutionProperties) = preSolution
		HideSolutionNode = FALSE
	EndGlobalSection
	GlobalSection(ExtensibilityGlobals) = postSolution
		SolutionGuid = {8D78703D-EA66-4690-9BA8-6063825C97AA}
	EndGlobalSection
EndGlobal
